
Microsoft Visual Studio Solution File, Format Version 12.00
Project("{FAE04EC0-301F-11D3-BF4B-00C04F79EFBC}") = "ConsoleApp", "ConsoleApp\ConsoleApp.csproj", "{E97799BA-FA05-4DDB-B8A8-16017BBAC5CF}"
EndProject
Project("{2150E333-8FDC-42A3-9474-1A3956D46DE8}") = "Solution Items", "Solution Items", "{4230C363-1403-41D6-801B-58D864A207CF}"
	ProjectSection(SolutionItems) = preProject
		README.md = README.md
	EndProjectSection
EndProject
Global
	GlobalSection(SolutionConfigurationPlatforms) = preSolution
		Debug|Any CPU = Debug|Any CPU
		Release|Any CPU = Release|Any CPU
	EndGlobalSection
	GlobalSection(ProjectConfigurationPlatforms) = postSolution
		{E97799BA-FA05-4DDB-B8A8-16017BBAC5CF}.Debug|Any CPU.ActiveCfg = Debug|Any CPU
		{E97799BA-FA05-4DDB-B8A8-16017BBAC5CF}.Debug|Any CPU.Build.0 = Debug|Any CPU
		{E97799BA-FA05-4DDB-B8A8-16017BBAC5CF}.Release|Any CPU.ActiveCfg = Release|Any CPU
		{E97799BA-FA05-4DDB-B8A8-16017BBAC5CF}.Release|Any CPU.Build.0 = Release|Any CPU
	EndGlobalSection
EndGlobal
